// !$*UTF8*$!
{
	archiveVersion = 1;
	classes = {
	};
	objectVersion = 77;
	objects = {

/* Begin PBXBuildFile section */
		6C3986932D475EC300C968B6 /* GLUT.framework in Frameworks */ = {isa = PBXBuildFile; fileRef = 6C3986922D475EC300C968B6 /* GLUT.framework */; };
		6C8E95A22D3E58AF00A55DDA /* libGLEW.2.2.0.dylib in Frameworks */ = {isa = PBXBuildFile; fileRef = 6C8E95A12D3E58AF00A55DDA /* libGLEW.2.2.0.dylib */; };
		6C8E95A42D3E58DF00A55DDA /* libglfw.3.4.dylib in Frameworks */ = {isa = PBXBuildFile; fileRef = 6C8E95A32D3E58DF00A55DDA /* libglfw.3.4.dylib */; };
		6C8E95A82D3E594E00A55DDA /* OpenGL.framework in Frameworks */ = {isa = PBXBuildFile; fileRef = 6C8E959F2D3E588200A55DDA /* OpenGL.framework */; };
		6C8E95AB2D3E5DB400A55DDA /* libglut.3.12.1.dylib in Frameworks */ = {isa = PBXBuildFile; fileRef = 6C8E95AA2D3E5DB400A55DDA /* libglut.3.12.1.dylib */; };
		6C8E95AF2D3EA46400A55DDA /* Cocoa.framework in Frameworks */ = {isa = PBXBuildFile; fileRef = 6C8E95AE2D3EA46400A55DDA /* Cocoa.framework */; };
/* End PBXBuildFile section */

/* Begin PBXCopyFilesBuildPhase section */
		6C8E95922D3E578500A55DDA /* CopyFiles */ = {
			isa = PBXCopyFilesBuildPhase;
			buildActionMask = 2147483647;
			dstPath = /usr/share/man/man1/;
			dstSubfolderSpec = 0;
			files = (
			);
			runOnlyForDeploymentPostprocessing = 1;
		};
/* End PBXCopyFilesBuildPhase section */

/* Begin PBXFileReference section */
		6C3986922D475EC300C968B6 /* GLUT.framework */ = {isa = PBXFileReference; lastKnownFileType = wrapper.framework; name = GLUT.framework; path = System/Library/Frameworks/GLUT.framework; sourceTree = SDKROOT; };
		6C8E95942D3E578500A55DDA /* glutproj */ = {isa = PBXFileReference; explicitFileType = "compiled.mach-o.executable"; includeInIndex = 0; path = glutproj; sourceTree = BUILT_PRODUCTS_DIR; };
		6C8E959F2D3E588200A55DDA /* OpenGL.framework */ = {isa = PBXFileReference; lastKnownFileType = wrapper.framework; name = OpenGL.framework; path = System/Library/Frameworks/OpenGL.framework; sourceTree = SDKROOT; };
		6C8E95A12D3E58AF00A55DDA /* libGLEW.2.2.0.dylib */ = {isa = PBXFileReference; lastKnownFileType = "compiled.mach-o.dylib"; name = libGLEW.2.2.0.dylib; path = ../../../../opt/homebrew/Cellar/glew/2.2.0_1/lib/libGLEW.2.2.0.dylib; sourceTree = "<group>"; };
		6C8E95A32D3E58DF00A55DDA /* libglfw.3.4.dylib */ = {isa = PBXFileReference; lastKnownFileType = "compiled.mach-o.dylib"; name = libglfw.3.4.dylib; path = ../../../../opt/homebrew/Cellar/glfw/3.4/lib/libglfw.3.4.dylib; sourceTree = "<group>"; };
		6C8E95AA2D3E5DB400A55DDA /* libglut.3.12.1.dylib */ = {isa = PBXFileReference; lastKnownFileType = "compiled.mach-o.dylib"; name = libglut.3.12.1.dylib; path = ../../../../opt/homebrew/Cellar/freeglut/3.6.0/lib/libglut.3.12.1.dylib; sourceTree = "<group>"; };
		6C8E95AE2D3EA46400A55DDA /* Cocoa.framework */ = {isa = PBXFileReference; lastKnownFileType = wrapper.framework; name = Cocoa.framework; path = System/Library/Frameworks/Cocoa.framework; sourceTree = SDKROOT; };
/* End PBXFileReference section */

/* Begin PBXFileSystemSynchronizedRootGroup section */
		6C8E95962D3E578500A55DDA /* glutproj */ = {
			isa = PBXFileSystemSynchronizedRootGroup;
			path = glutproj;
			sourceTree = "<group>";
		};
/* End PBXFileSystemSynchronizedRootGroup section */

/* Begin PBXFrameworksBuildPhase section */
		6C8E95912D3E578500A55DDA /* Frameworks */ = {
			isa = PBXFrameworksBuildPhase;
			buildActionMask = 2147483647;
			files = (
				6C3986932D475EC300C968B6 /* GLUT.framework in Frameworks */,
				6C8E95AF2D3EA46400A55DDA /* Cocoa.framework in Frameworks */,
				6C8E95A82D3E594E00A55DDA /* OpenGL.framework in Frameworks */,
				6C8E95AB2D3E5DB400A55DDA /* libglut.3.12.1.dylib in Frameworks */,
				6C8E95A42D3E58DF00A55DDA /* libglfw.3.4.dylib in Frameworks */,
				6C8E95A22D3E58AF00A55DDA /* libGLEW.2.2.0.dylib in Frameworks */,
			);
			runOnlyForDeploymentPostprocessing = 0;
		};
/* End PBXFrameworksBuildPhase section */

/* Begin PBXGroup section */
		6C8E958B2D3E578500A55DDA = {
			isa = PBXGroup;
			children = (
				6C8E95962D3E578500A55DDA /* glutproj */,
				6C8E959E2D3E588200A55DDA /* Frameworks */,
				6C8E95952D3E578500A55DDA /* Products */,
			);
			sourceTree = "<group>";
		};
		6C8E95952D3E578500A55DDA /* Products */ = {
			isa = PBXGroup;
			children = (
				6C8E95942D3E578500A55DDA /* glutproj */,
			);
			name = Products;
			sourceTree = "<group>";
		};
		6C8E959E2D3E588200A55DDA /* Frameworks */ = {
			isa = PBXGroup;
			children = (
				6C3986922D475EC300C968B6 /* GLUT.framework */,
				6C8E95AE2D3EA46400A55DDA /* Cocoa.framework */,
				6C8E95AA2D3E5DB400A55DDA /* libglut.3.12.1.dylib */,
				6C8E95A32D3E58DF00A55DDA /* libglfw.3.4.dylib */,
				6C8E95A12D3E58AF00A55DDA /* libGLEW.2.2.0.dylib */,
				6C8E959F2D3E588200A55DDA /* OpenGL.framework */,
			);
			name = Frameworks;
			sourceTree = "<group>";
		};
/* End PBXGroup section */

/* Begin PBXNativeTarget section */
		6C8E95932D3E578500A55DDA /* glutproj */ = {
			isa = PBXNativeTarget;
			buildConfigurationList = 6C8E959B2D3E578500A55DDA /* Build configuration list for PBXNativeTarget "glutproj" */;
			buildPhases = (
				6C8E95902D3E578500A55DDA /* Sources */,
				6C8E95912D3E578500A55DDA /* Frameworks */,
				6C8E95922D3E578500A55DDA /* CopyFiles */,
			);
			buildRules = (
			);
			dependencies = (
			);
			fileSystemSynchronizedGroups = (
				6C8E95962D3E578500A55DDA /* glutproj */,
			);
			name = glutproj;
			packageProductDependencies = (
			);
			productName = glutproj;
			productReference = 6C8E95942D3E578500A55DDA /* glutproj */;
			productType = "com.apple.product-type.tool";
		};
/* End PBXNativeTarget section */

/* Begin PBXProject section */
		6C8E958C2D3E578500A55DDA /* Project object */ = {
			isa = PBXProject;
			attributes = {
				BuildIndependentTargetsInParallel = 1;
				LastUpgradeCheck = 1620;
				TargetAttributes = {
					6C8E95932D3E578500A55DDA = {
						CreatedOnToolsVersion = 16.2;
					};
				};
			};
			buildConfigurationList = 6C8E958F2D3E578500A55DDA /* Build configuration list for PBXProject "glutproj" */;
			developmentRegion = en;
			hasScannedForEncodings = 0;
			knownRegions = (
				en,
				Base,
			);
			mainGroup = 6C8E958B2D3E578500A55DDA;
			minimizedProjectReferenceProxies = 1;
			preferredProjectObjectVersion = 77;
			productRefGroup = 6C8E95952D3E578500A55DDA /* Products */;
			projectDirPath = "";
			projectRoot = "";
			targets = (
				6C8E95932D3E578500A55DDA /* glutproj */,
			);
		};
/* End PBXProject section */

/* Begin PBXSourcesBuildPhase section */
		6C8E95902D3E578500A55DDA /* Sources */ = {
			isa = PBXSourcesBuildPhase;
			buildActionMask = 2147483647;
			files = (
			);
			runOnlyForDeploymentPostprocessing = 0;
		};
/* End PBXSourcesBuildPhase section */

/* Begin XCBuildConfiguration section */
		6C8E95992D3E578500A55DDA /* Debug */ = {
			isa = XCBuildConfiguration;
			buildSettings = {
				ALWAYS_SEARCH_USER_PATHS = NO;
				ASSETCATALOG_COMPILER_GENERATE_SWIFT_ASSET_SYMBOL_EXTENSIONS = YES;
				CLANG_ANALYZER_NONNULL = YES;
				CLANG_ANALYZER_NUMBER_OBJECT_CONVERSION = YES_AGGRESSIVE;
				CLANG_CXX_LANGUAGE_STANDARD = "gnu++20";
				CLANG_ENABLE_MODULES = YES;
				CLANG_ENABLE_OBJC_ARC = YES;
				CLANG_ENABLE_OBJC_WEAK = YES;
				CLANG_WARN_BLOCK_CAPTURE_AUTORELEASING = YES;
				CLANG_WARN_BOOL_CONVERSION = YES;
				CLANG_WARN_COMMA = YES;
				CLANG_WARN_CONSTANT_CONVERSION = YES;
				CLANG_WARN_DEPRECATED_OBJC_IMPLEMENTATIONS = YES;
				CLANG_WARN_DIRECT_OBJC_ISA_USAGE = YES_ERROR;
				CLANG_WARN_DOCUMENTATION_COMMENTS = YES;
				CLANG_WARN_EMPTY_BODY = YES;
				CLANG_WARN_ENUM_CONVERSION = YES;
				CLANG_WARN_INFINITE_RECURSION = YES;
				CLANG_WARN_INT_CONVERSION = YES;
				CLANG_WARN_NON_LITERAL_NULL_CONVERSION = YES;
				CLANG_WARN_OBJC_IMPLICIT_RETAIN_SELF = YES;
				CLANG_WARN_OBJC_LITERAL_CONVERSION = YES;
				CLANG_WARN_OBJC_ROOT_CLASS = YES_ERROR;
				CLANG_WARN_QUOTED_INCLUDE_IN_FRAMEWORK_HEADER = YES;
				CLANG_WARN_RANGE_LOOP_ANALYSIS = YES;
				CLANG_WARN_STRICT_PROTOTYPES = YES;
				CLANG_WARN_SUSPICIOUS_MOVE = YES;
				CLANG_WARN_UNGUARDED_AVAILABILITY = YES_AGGRESSIVE;
				CLANG_WARN_UNREACHABLE_CODE = YES;
				CLANG_WARN__DUPLICATE_METHOD_MATCH = YES;
				COPY_PHASE_STRIP = NO;
				DEBUG_INFORMATION_FORMAT = dwarf;
				ENABLE_STRICT_OBJC_MSGSEND = YES;
				ENABLE_TESTABILITY = YES;
				ENABLE_USER_SCRIPT_SANDBOXING = YES;
				GCC_C_LANGUAGE_STANDARD = gnu17;
				GCC_DYNAMIC_NO_PIC = NO;
				GCC_NO_COMMON_BLOCKS = YES;
				GCC_OPTIMIZATION_LEVEL = 0;
				GCC_PREPROCESSOR_DEFINITIONS = (
					"DEBUG=1",
					"$(inherited)",
				);
				GCC_WARN_64_TO_32_BIT_CONVERSION = YES;
				GCC_WARN_ABOUT_RETURN_TYPE = YES_ERROR;
				GCC_WARN_UNDECLARED_SELECTOR = YES;
				GCC_WARN_UNINITIALIZED_AUTOS = YES_AGGRESSIVE;
				GCC_WARN_UNUSED_FUNCTION = YES;
				GCC_WARN_UNUSED_VARIABLE = YES;
				LOCALIZATION_PREFERS_STRING_CATALOGS = YES;
				MACOSX_DEPLOYMENT_TARGET = 15.2;
				MTL_ENABLE_DEBUG_INFO = INCLUDE_SOURCE;
				MTL_FAST_MATH = YES;
				ONLY_ACTIVE_ARCH = YES;
				SDKROOT = macosx;
			};
			name = Debug;
		};
		6C8E959A2D3E578500A55DDA /* Release */ = {
			isa = XCBuildConfiguration;
			buildSettings = {
				ALWAYS_SEARCH_USER_PATHS = NO;
				ASSETCATALOG_COMPILER_GENERATE_SWIFT_ASSET_SYMBOL_EXTENSIONS = YES;
				CLANG_ANALYZER_NONNULL = YES;
				CLANG_ANALYZER_NUMBER_OBJECT_CONVERSION = YES_AGGRESSIVE;
				CLANG_CXX_LANGUAGE_STANDARD = "gnu++20";
				CLANG_ENABLE_MODULES = YES;
				CLANG_ENABLE_OBJC_ARC = YES;
				CLANG_ENABLE_OBJC_WEAK = YES;
				CLANG_WARN_BLOCK_CAPTURE_AUTORELEASING = YES;
				CLANG_WARN_BOOL_CONVERSION = YES;
				CLANG_WARN_COMMA = YES;
				CLANG_WARN_CONSTANT_CONVERSION = YES;
				CLANG_WARN_DEPRECATED_OBJC_IMPLEMENTATIONS = YES;
				CLANG_WARN_DIRECT_OBJC_ISA_USAGE = YES_ERROR;
				CLANG_WARN_DOCUMENTATION_COMMENTS = YES;
				CLANG_WARN_EMPTY_BODY = YES;
				CLANG_WARN_ENUM_CONVERSION = YES;
				CLANG_WARN_INFINITE_RECURSION = YES;
				CLANG_WARN_INT_CONVERSION = YES;
				CLANG_WARN_NON_LITERAL_NULL_CONVERSION = YES;
				CLANG_WARN_OBJC_IMPLICIT_RETAIN_SELF = YES;
				CLANG_WARN_OBJC_LITERAL_CONVERSION = YES;
				CLANG_WARN_OBJC_ROOT_CLASS = YES_ERROR;
				CLANG_WARN_QUOTED_INCLUDE_IN_FRAMEWORK_HEADER = YES;
				CLANG_WARN_RANGE_LOOP_ANALYSIS = YES;
				CLANG_WARN_STRICT_PROTOTYPES = YES;
				CLANG_WARN_SUSPICIOUS_MOVE = YES;
				CLANG_WARN_UNGUARDED_AVAILABILITY = YES_AGGRESSIVE;
				CLANG_WARN_UNREACHABLE_CODE = YES;
				CLANG_WARN__DUPLICATE_METHOD_MATCH = YES;
				COPY_PHASE_STRIP = NO;
				DEBUG_INFORMATION_FORMAT = "dwarf-with-dsym";
				ENABLE_NS_ASSERTIONS = NO;
				ENABLE_STRICT_OBJC_MSGSEND = YES;
				ENABLE_USER_SCRIPT_SANDBOXING = YES;
				GCC_C_LANGUAGE_STANDARD = gnu17;
				GCC_NO_COMMON_BLOCKS = YES;
				GCC_WARN_64_TO_32_BIT_CONVERSION = YES;
				GCC_WARN_ABOUT_RETURN_TYPE = YES_ERROR;
				GCC_WARN_UNDECLARED_SELECTOR = YES;
				GCC_WARN_UNINITIALIZED_AUTOS = YES_AGGRESSIVE;
				GCC_WARN_UNUSED_FUNCTION = YES;
				GCC_WARN_UNUSED_VARIABLE = YES;
				LOCALIZATION_PREFERS_STRING_CATALOGS = YES;
				MACOSX_DEPLOYMENT_TARGET = 15.2;
				MTL_ENABLE_DEBUG_INFO = NO;
				MTL_FAST_MATH = YES;
				SDKROOT = macosx;
			};
			name = Release;
		};
		6C8E959C2D3E578500A55DDA /* Debug */ = {
			isa = XCBuildConfiguration;
			buildSettings = {
				CODE_SIGN_STYLE = Automatic;
				HEADER_SEARCH_PATHS = (
					/opt/homebrew/Cellar/freeglut/3.6.0/include,
					/opt/homebrew/Cellar/glfw/3.4/include,
					/opt/homebrew/Cellar/glew/2.2.0_1/include,
					/System/Library/Frameworks/OpenGL.framework/Headers,
					/System/Library/Frameworks/OpenGL.framework/Headers,
					/System/Library/Frameworks/OpenGL.framework/Headers,
				);
				LIBRARY_SEARCH_PATHS = (
					"$(inherited)",
					/opt/homebrew/Cellar/glew/2.2.0_1/lib,
					/opt/homebrew/Cellar/glfw/3.4/lib,
					/opt/homebrew/Cellar/freeglut/3.6.0/lib,
				);
				PRODUCT_NAME = "$(TARGET_NAME)";
			};
			name = Debug;
		};
		6C8E959D2D3E578500A55DDA /* Release */ = {
			isa = XCBuildConfiguration;
			buildSettings = {
				CODE_SIGN_STYLE = Automatic;
				HEADER_SEARCH_PATHS = (
					/opt/homebrew/Cellar/freeglut/3.6.0/include,
					/opt/homebrew/Cellar/glfw/3.4/include,
					/opt/homebrew/Cellar/glew/2.2.0_1/include,
					/System/Library/Frameworks/OpenGL.framework/Headers,
					/System/Library/Frameworks/OpenGL.framework/Headers,
					/System/Library/Frameworks/OpenGL.framework/Headers,
				);
				LIBRARY_SEARCH_PATHS = (
					"$(inherited)",
					/opt/homebrew/Cellar/glew/2.2.0_1/lib,
					/opt/homebrew/Cellar/glfw/3.4/lib,
					/opt/homebrew/Cellar/freeglut/3.6.0/lib,
				);
				PRODUCT_NAME = "$(TARGET_NAME)";
			};
			name = Release;
		};
/* End XCBuildConfiguration section */

/* Begin XCConfigurationList section */
		6C8E958F2D3E578500A55DDA /* Build configuration list for PBXProject "glutproj" */ = {
			isa = XCConfigurationList;
			buildConfigurations = (
				6C8E95992D3E578500A55DDA /* Debug */,
				6C8E959A2D3E578500A55DDA /* Release */,
			);
			defaultConfigurationIsVisible = 0;
			defaultConfigurationName = Release;
		};
		6C8E959B2D3E578500A55DDA /* Build configuration list for PBXNativeTarget "glutproj" */ = {
			isa = XCConfigurationList;
			buildConfigurations = (
				6C8E959C2D3E578500A55DDA /* Debug */,
				6C8E959D2D3E578500A55DDA /* Release */,
			);
			defaultConfigurationIsVisible = 0;
			defaultConfigurationName = Release;
		};
/* End XCConfigurationList section */
	};
	rootObject = 6C8E958C2D3E578500A55DDA /* Project object */;
}
